
Microsoft Visual Studio Solution File, Format Version 12.00
# Visual Studio Version 17
VisualStudioVersion = 17.5.002.0
MinimumVisualStudioVersion = 10.0.40219.1
Project("{9A19103F-16F7-4668-BE54-9A1E7A4F7556}") = "NETpractice", "NETpractice.csproj", "{51035CC8-1F93-49DA-B66A-2755BE9F0281}"
EndProject
Project("{9A19103F-16F7-4668-BE54-9A1E7A4F7556}") = "ContosoPizza", "ContosoPizza\ContosoPizza.csproj", "{64E43917-101D-4815-A5FF-565ED4C7306C}"
EndProject
Global
	GlobalSection(SolutionConfigurationPlatforms) = preSolution
		Debug|Any CPU = Debug|Any CPU
		Release|Any CPU = Release|Any CPU
	EndGlobalSection
	GlobalSection(ProjectConfigurationPlatforms) = postSolution
		{51035CC8-1F93-49DA-B66A-2755BE9F0281}.Debug|Any CPU.ActiveCfg = Debug|Any CPU
		{51035CC8-1F93-49DA-B66A-2755BE9F0281}.Debug|Any CPU.Build.0 = Debug|Any CPU
		{51035CC8-1F93-49DA-B66A-2755BE9F0281}.Release|Any CPU.ActiveCfg = Release|Any CPU
		{51035CC8-1F93-49DA-B66A-2755BE9F0281}.Release|Any CPU.Build.0 = Release|Any CPU
		{64E43917-101D-4815-A5FF-565ED4C7306C}.Debug|Any CPU.ActiveCfg = Debug|Any CPU
		{64E43917-101D-4815-A5FF-565ED4C7306C}.Debug|Any CPU.Build.0 = Debug|Any CPU
		{64E43917-101D-4815-A5FF-565ED4C7306C}.Release|Any CPU.ActiveCfg = Release|Any CPU
		{64E43917-101D-4815-A5FF-565ED4C7306C}.Release|Any CPU.Build.0 = Release|Any CPU
	EndGlobalSection
	GlobalSection(SolutionProperties) = preSolution
		HideSolutionNode = FALSE
	EndGlobalSection
	GlobalSection(ExtensibilityGlobals) = postSolution
		SolutionGuid = {DE81487E-07F1-444D-9CE8-4400E1F3C863}
	EndGlobalSection
EndGlobal
