
Microsoft Visual Studio Solution File, Format Version 12.00
# Visual Studio Version 17
VisualStudioVersion = 17.5.002.0
MinimumVisualStudioVersion = 10.0.40219.1
Project("{9A19103F-16F7-4668-BE54-9A1E7A4F7556}") = "DotNetDepencies", "DotNetDepencies.csproj", "{783CDCA1-F1A9-41CA-B25B-8E8DE3DA3DA3}"
EndProject
Global
	GlobalSection(SolutionConfigurationPlatforms) = preSolution
		Debug|Any CPU = Debug|Any CPU
		Release|Any CPU = Release|Any CPU
	EndGlobalSection
	GlobalSection(ProjectConfigurationPlatforms) = postSolution
		{783CDCA1-F1A9-41CA-B25B-8E8DE3DA3DA3}.Debug|Any CPU.ActiveCfg = Debug|Any CPU
		{783CDCA1-F1A9-41CA-B25B-8E8DE3DA3DA3}.Debug|Any CPU.Build.0 = Debug|Any CPU
		{783CDCA1-F1A9-41CA-B25B-8E8DE3DA3DA3}.Release|Any CPU.ActiveCfg = Release|Any CPU
		{783CDCA1-F1A9-41CA-B25B-8E8DE3DA3DA3}.Release|Any CPU.Build.0 = Release|Any CPU
	EndGlobalSection
	GlobalSection(SolutionProperties) = preSolution
		HideSolutionNode = FALSE
	EndGlobalSection
	GlobalSection(ExtensibilityGlobals) = postSolution
		SolutionGuid = {15071515-DFA8-4294-B2FF-65DA94F41A8E}
	EndGlobalSection
EndGlobal
